github.com/gorilla/mux v1.8.0 h1:i40aqfkR1h2SlN9hojwV5ZA91wcXFOvkdNIeFDP5koI=
github.com/gorilla/mux v1.8.0/go.mod h1:DVbg23sWSpFRCP0SfiEN6jmj59UnW/n46BH5rLB71So=
github.com/hennedo/escpos v0.0.1 h1:kFjiu5OKSdjMvcKsZyjn06HXG6NK+J86PTsTGKq8HkM=
github.com/hennedo/escpos v0.0.1/go.mod h1:W6HIhrS6mSFGSsxpfqIKXnZsujl0x/2lM5xDIAKGkow=
github.com/knq/escpos v0.0.0-20201012084129-81d0344e35fa h1:Gqf0Q4Wra8RDXSaHwNKHcEJY0osaSklMXi5EnLLpuhM=
github.com/knq/escpos v0.0.0-20201012084129-81d0344e35fa/go.mod h1:WEAqQJjNLSktlp0XxBiiftFrcb0RHKo9g/2hCfpYoIo=
github.com/moovweb/gokogiri v0.0.0-20180713195410-a1a828153468 h1:s7OD9KAZ/X1BdIlXtaZUgROv/5OaFo1MlsSetrtxIis=
github.com/moovweb/gokogiri v0.0.0-20180713195410-a1a828153468/go.mod h1:Oa/X457L/tmlvYXbM/iG0y+G1EERtHrpp7Y4fHJwsrk=
github.com/mugli/png2escpos v1.0.1 h1:LXU3rhS6shD5dNZ99LWsPjnzM6MwB6307NciMpwYG/4=
github.com/mugli/png2escpos v1.0.1/go.mod h1:8xJgobqbAufk7htAFrpwPqi3vSRl1u/cx27H6JXntvY=
github.com/qiniu/iconv v1.2.0 h1:2LJKwoF+4LJ3lNM+7cE3P1kNQzAI/HMZuWhkmFoY2U8=
github.com/qiniu/iconv v1.2.0/go.mod h1:5bxb2h9lptZt2eHLgY+Jw4X06TMtKb6tvvok0DwSwGA=
